
Microsoft Visual Studio Solution File, Format Version 12.00
# Visual Studio Version 17
VisualStudioVersion = 17.14.36310.24
MinimumVisualStudioVersion = 10.0.40219.1
Project("{FAE04EC0-301F-11D3-BF4B-00C04F79EFBC}") = "BSDriverPlugin", "SamplePlugin\BSDriverPlugin.csproj", "{13C812E9-0D42-4B95-8646-40EEBF30636F}"
EndProject
Project("{888888A0-9F3D-457C-B088-3A5042F75D52}") = "map_enumerator", "map_enumerator\map_enumerator.pyproj", "{219A087D-BC6D-4292-90EF-E2185C70A1F5}"
EndProject
Project("{FAE04EC0-301F-11D3-BF4B-00C04F79EFBC}") = "plugin_tester", "plugin_tester\plugin_tester.csproj", "{6C745FDA-D9FC-42CC-BD47-5F7AA0246787}"
EndProject
Global
	GlobalSection(SolutionConfigurationPlatforms) = preSolution
		Debug|Any CPU = Debug|Any CPU
		Debug|x64 = Debug|x64
		Release|Any CPU = Release|Any CPU
		Release|x64 = Release|x64
	EndGlobalSection
	GlobalSection(ProjectConfigurationPlatforms) = postSolution
		{13C812E9-0D42-4B95-8646-40EEBF30636F}.Debug|Any CPU.ActiveCfg = Debug|x64
		{13C812E9-0D42-4B95-8646-40EEBF30636F}.Debug|Any CPU.Build.0 = Debug|x64
		{13C812E9-0D42-4B95-8646-40EEBF30636F}.Debug|x64.ActiveCfg = Debug|x64
		{13C812E9-0D42-4B95-8646-40EEBF30636F}.Debug|x64.Build.0 = Debug|x64
		{13C812E9-0D42-4B95-8646-40EEBF30636F}.Release|Any CPU.ActiveCfg = Release|x64
		{13C812E9-0D42-4B95-8646-40EEBF30636F}.Release|Any CPU.Build.0 = Release|x64
		{13C812E9-0D42-4B95-8646-40EEBF30636F}.Release|x64.ActiveCfg = Release|x64
		{13C812E9-0D42-4B95-8646-40EEBF30636F}.Release|x64.Build.0 = Release|x64
		{219A087D-BC6D-4292-90EF-E2185C70A1F5}.Debug|Any CPU.ActiveCfg = Debug|Any CPU
		{219A087D-BC6D-4292-90EF-E2185C70A1F5}.Debug|x64.ActiveCfg = Debug|Any CPU
		{219A087D-BC6D-4292-90EF-E2185C70A1F5}.Release|Any CPU.ActiveCfg = Release|Any CPU
		{219A087D-BC6D-4292-90EF-E2185C70A1F5}.Release|x64.ActiveCfg = Release|Any CPU
		{6C745FDA-D9FC-42CC-BD47-5F7AA0246787}.Debug|Any CPU.ActiveCfg = Debug|Any CPU
		{6C745FDA-D9FC-42CC-BD47-5F7AA0246787}.Debug|Any CPU.Build.0 = Debug|Any CPU
		{6C745FDA-D9FC-42CC-BD47-5F7AA0246787}.Debug|x64.ActiveCfg = Debug|Any CPU
		{6C745FDA-D9FC-42CC-BD47-5F7AA0246787}.Debug|x64.Build.0 = Debug|Any CPU
		{6C745FDA-D9FC-42CC-BD47-5F7AA0246787}.Release|Any CPU.ActiveCfg = Release|Any CPU
		{6C745FDA-D9FC-42CC-BD47-5F7AA0246787}.Release|Any CPU.Build.0 = Release|Any CPU
		{6C745FDA-D9FC-42CC-BD47-5F7AA0246787}.Release|x64.ActiveCfg = Release|Any CPU
		{6C745FDA-D9FC-42CC-BD47-5F7AA0246787}.Release|x64.Build.0 = Release|Any CPU
	EndGlobalSection
	GlobalSection(SolutionProperties) = preSolution
		HideSolutionNode = FALSE
	EndGlobalSection
	GlobalSection(ExtensibilityGlobals) = postSolution
		SolutionGuid = {B17E85B1-5F60-4440-9F9A-3DDE877E8CDF}
	EndGlobalSection
EndGlobal
